
Microsoft Visual Studio Solution File, Format Version 12.00
# Visual Studio Version 17
VisualStudioVersion = 17.3.32929.385
MinimumVisualStudioVersion = 10.0.40219.1
Project("{FAE04EC0-301F-11D3-BF4B-00C04F79EFBC}") = "MyFirstWebApp-PhoneBook", "MyFirstWebApp-PhoneBook\MyFirstWebApp-PhoneBook.csproj", "{50047C8C-AFC2-46EE-9F6E-1DA234029448}"
EndProject
Global
	GlobalSection(SolutionConfigurationPlatforms) = preSolution
		Debug|Any CPU = Debug|Any CPU
		Release|Any CPU = Release|Any CPU
	EndGlobalSection
	GlobalSection(ProjectConfigurationPlatforms) = postSolution
		{50047C8C-AFC2-46EE-9F6E-1DA234029448}.Debug|Any CPU.ActiveCfg = Debug|Any CPU
		{50047C8C-AFC2-46EE-9F6E-1DA234029448}.Debug|Any CPU.Build.0 = Debug|Any CPU
		{50047C8C-AFC2-46EE-9F6E-1DA234029448}.Release|Any CPU.ActiveCfg = Release|Any CPU
		{50047C8C-AFC2-46EE-9F6E-1DA234029448}.Release|Any CPU.Build.0 = Release|Any CPU
	EndGlobalSection
	GlobalSection(SolutionProperties) = preSolution
		HideSolutionNode = FALSE
	EndGlobalSection
	GlobalSection(ExtensibilityGlobals) = postSolution
		SolutionGuid = {8654C4FA-6271-4C4B-8399-AE4EC54DD366}
	EndGlobalSection
EndGlobal
