
Microsoft Visual Studio Solution File, Format Version 12.00
# Visual Studio Version 17
VisualStudioVersion = 17.0.32112.339
MinimumVisualStudioVersion = 10.0.40219.1
Project("{FAE04EC0-301F-11D3-BF4B-00C04F79EFBC}") = "01.StudentInformation", "01.StudentInformation\01.StudentInformation.csproj", "{FC8A8ACB-9A51-4970-91DB-B56C3036CFDC}"
EndProject
Project("{FAE04EC0-301F-11D3-BF4B-00C04F79EFBC}") = "02.Passed", "02.Passed\02.Passed.csproj", "{F30B8CF8-AC9A-4C99-9EDB-4973415A886D}"
EndProject
Project("{FAE04EC0-301F-11D3-BF4B-00C04F79EFBC}") = "03.PassedOrFailed", "03.PassedOrFailed\03.PassedOrFailed.csproj", "{AA1B9A70-7324-4B70-AC9C-34E7F9A9197F}"
EndProject
Project("{FAE04EC0-301F-11D3-BF4B-00C04F79EFBC}") = "04.BackIn30Minutes", "04.BackIn30Minutes\04.BackIn30Minutes.csproj", "{F15BDA81-8C26-4EEE-ADD2-4E04E21B7C31}"
EndProject
Project("{FAE04EC0-301F-11D3-BF4B-00C04F79EFBC}") = "05.MonthPrinter", "05.MonthPrinter\05.MonthPrinter.csproj", "{32771A92-EE95-48CA-8F7C-B4358981978A}"
EndProject
Project("{FAE04EC0-301F-11D3-BF4B-00C04F79EFBC}") = "06.ForeignLanguages", "06.ForeignLanguages\06.ForeignLanguages.csproj", "{3B0C0650-B2CC-4EF8-B538-25954B0E87CF}"
EndProject
Project("{FAE04EC0-301F-11D3-BF4B-00C04F79EFBC}") = "07.TheatrePromotions", "07.TheatrePromotions\07.TheatrePromotions.csproj", "{D260A837-D8FE-48BA-AA65-6DE074486A80}"
EndProject
Project("{FAE04EC0-301F-11D3-BF4B-00C04F79EFBC}") = "08.DivisibleBy3", "08.DivisibleBy3\08.DivisibleBy3.csproj", "{E6B2F0D0-F20F-46B7-822E-94467253E4E2}"
EndProject
Project("{FAE04EC0-301F-11D3-BF4B-00C04F79EFBC}") = "09.SumOfOddNumbers", "09.SumOfOddNumbers\09.SumOfOddNumbers.csproj", "{3A7F5F63-DEC7-40C0-93BF-EDA33FCF9953}"
EndProject
Project("{FAE04EC0-301F-11D3-BF4B-00C04F79EFBC}") = "10.MultiplicationTable", "10.MultiplicationTable\10.MultiplicationTable.csproj", "{E5D7B0A1-A48F-4891-A53F-E51CB391CA3D}"
EndProject
Project("{FAE04EC0-301F-11D3-BF4B-00C04F79EFBC}") = "11.MultiplicationTable2.0", "11.MultiplicationTable2.0\11.MultiplicationTable2.0.csproj", "{523D065B-EF2B-41AB-AEB9-8C71DB24B649}"
EndProject
Project("{FAE04EC0-301F-11D3-BF4B-00C04F79EFBC}") = "12.EvenNumber", "12.EvenNumber\12.EvenNumber.csproj", "{E6DE47BA-E298-438A-A517-5F7458F9B33B}"
EndProject
Global
	GlobalSection(SolutionConfigurationPlatforms) = preSolution
		Debug|Any CPU = Debug|Any CPU
		Release|Any CPU = Release|Any CPU
	EndGlobalSection
	GlobalSection(ProjectConfigurationPlatforms) = postSolution
		{FC8A8ACB-9A51-4970-91DB-B56C3036CFDC}.Debug|Any CPU.ActiveCfg = Debug|Any CPU
		{FC8A8ACB-9A51-4970-91DB-B56C3036CFDC}.Debug|Any CPU.Build.0 = Debug|Any CPU
		{FC8A8ACB-9A51-4970-91DB-B56C3036CFDC}.Release|Any CPU.ActiveCfg = Release|Any CPU
		{FC8A8ACB-9A51-4970-91DB-B56C3036CFDC}.Release|Any CPU.Build.0 = Release|Any CPU
		{F30B8CF8-AC9A-4C99-9EDB-4973415A886D}.Debug|Any CPU.ActiveCfg = Debug|Any CPU
		{F30B8CF8-AC9A-4C99-9EDB-4973415A886D}.Debug|Any CPU.Build.0 = Debug|Any CPU
		{F30B8CF8-AC9A-4C99-9EDB-4973415A886D}.Release|Any CPU.ActiveCfg = Release|Any CPU
		{F30B8CF8-AC9A-4C99-9EDB-4973415A886D}.Release|Any CPU.Build.0 = Release|Any CPU
		{AA1B9A70-7324-4B70-AC9C-34E7F9A9197F}.Debug|Any CPU.ActiveCfg = Debug|Any CPU
		{AA1B9A70-7324-4B70-AC9C-34E7F9A9197F}.Debug|Any CPU.Build.0 = Debug|Any CPU
		{AA1B9A70-7324-4B70-AC9C-34E7F9A9197F}.Release|Any CPU.ActiveCfg = Release|Any CPU
		{AA1B9A70-7324-4B70-AC9C-34E7F9A9197F}.Release|Any CPU.Build.0 = Release|Any CPU
		{F15BDA81-8C26-4EEE-ADD2-4E04E21B7C31}.Debug|Any CPU.ActiveCfg = Debug|Any CPU
		{F15BDA81-8C26-4EEE-ADD2-4E04E21B7C31}.Debug|Any CPU.Build.0 = Debug|Any CPU
		{F15BDA81-8C26-4EEE-ADD2-4E04E21B7C31}.Release|Any CPU.ActiveCfg = Release|Any CPU
		{F15BDA81-8C26-4EEE-ADD2-4E04E21B7C31}.Release|Any CPU.Build.0 = Release|Any CPU
		{32771A92-EE95-48CA-8F7C-B4358981978A}.Debug|Any CPU.ActiveCfg = Debug|Any CPU
		{32771A92-EE95-48CA-8F7C-B4358981978A}.Debug|Any CPU.Build.0 = Debug|Any CPU
		{32771A92-EE95-48CA-8F7C-B4358981978A}.Release|Any CPU.ActiveCfg = Release|Any CPU
		{32771A92-EE95-48CA-8F7C-B4358981978A}.Release|Any CPU.Build.0 = Release|Any CPU
		{3B0C0650-B2CC-4EF8-B538-25954B0E87CF}.Debug|Any CPU.ActiveCfg = Debug|Any CPU
		{3B0C0650-B2CC-4EF8-B538-25954B0E87CF}.Debug|Any CPU.Build.0 = Debug|Any CPU
		{3B0C0650-B2CC-4EF8-B538-25954B0E87CF}.Release|Any CPU.ActiveCfg = Release|Any CPU
		{3B0C0650-B2CC-4EF8-B538-25954B0E87CF}.Release|Any CPU.Build.0 = Release|Any CPU
		{D260A837-D8FE-48BA-AA65-6DE074486A80}.Debug|Any CPU.ActiveCfg = Debug|Any CPU
		{D260A837-D8FE-48BA-AA65-6DE074486A80}.Debug|Any CPU.Build.0 = Debug|Any CPU
		{D260A837-D8FE-48BA-AA65-6DE074486A80}.Release|Any CPU.ActiveCfg = Release|Any CPU
		{D260A837-D8FE-48BA-AA65-6DE074486A80}.Release|Any CPU.Build.0 = Release|Any CPU
		{E6B2F0D0-F20F-46B7-822E-94467253E4E2}.Debug|Any CPU.ActiveCfg = Debug|Any CPU
		{E6B2F0D0-F20F-46B7-822E-94467253E4E2}.Debug|Any CPU.Build.0 = Debug|Any CPU
		{E6B2F0D0-F20F-46B7-822E-94467253E4E2}.Release|Any CPU.ActiveCfg = Release|Any CPU
		{E6B2F0D0-F20F-46B7-822E-94467253E4E2}.Release|Any CPU.Build.0 = Release|Any CPU
		{3A7F5F63-DEC7-40C0-93BF-EDA33FCF9953}.Debug|Any CPU.ActiveCfg = Debug|Any CPU
		{3A7F5F63-DEC7-40C0-93BF-EDA33FCF9953}.Debug|Any CPU.Build.0 = Debug|Any CPU
		{3A7F5F63-DEC7-40C0-93BF-EDA33FCF9953}.Release|Any CPU.ActiveCfg = Release|Any CPU
		{3A7F5F63-DEC7-40C0-93BF-EDA33FCF9953}.Release|Any CPU.Build.0 = Release|Any CPU
		{E5D7B0A1-A48F-4891-A53F-E51CB391CA3D}.Debug|Any CPU.ActiveCfg = Debug|Any CPU
		{E5D7B0A1-A48F-4891-A53F-E51CB391CA3D}.Debug|Any CPU.Build.0 = Debug|Any CPU
		{E5D7B0A1-A48F-4891-A53F-E51CB391CA3D}.Release|Any CPU.ActiveCfg = Release|Any CPU
		{E5D7B0A1-A48F-4891-A53F-E51CB391CA3D}.Release|Any CPU.Build.0 = Release|Any CPU
		{523D065B-EF2B-41AB-AEB9-8C71DB24B649}.Debug|Any CPU.ActiveCfg = Debug|Any CPU
		{523D065B-EF2B-41AB-AEB9-8C71DB24B649}.Debug|Any CPU.Build.0 = Debug|Any CPU
		{523D065B-EF2B-41AB-AEB9-8C71DB24B649}.Release|Any CPU.ActiveCfg = Release|Any CPU
		{523D065B-EF2B-41AB-AEB9-8C71DB24B649}.Release|Any CPU.Build.0 = Release|Any CPU
		{E6DE47BA-E298-438A-A517-5F7458F9B33B}.Debug|Any CPU.ActiveCfg = Debug|Any CPU
		{E6DE47BA-E298-438A-A517-5F7458F9B33B}.Debug|Any CPU.Build.0 = Debug|Any CPU
		{E6DE47BA-E298-438A-A517-5F7458F9B33B}.Release|Any CPU.ActiveCfg = Release|Any CPU
		{E6DE47BA-E298-438A-A517-5F7458F9B33B}.Release|Any CPU.Build.0 = Release|Any CPU
	EndGlobalSection
	GlobalSection(SolutionProperties) = preSolution
		HideSolutionNode = FALSE
	EndGlobalSection
	GlobalSection(ExtensibilityGlobals) = postSolution
		SolutionGuid = {BE8DD446-FA8A-478F-B2F7-4C91204D6890}
	EndGlobalSection
EndGlobal
